// !$*UTF8*$!
{
	archiveVersion = 1;
	classes = {
	};
	objectVersion = 50;
	objects = {

/* Begin PBXBuildFile section */
		3C0675F422E387C8008D7DD4 /* ColorPicker.swift in Sources */ = {isa = PBXBuildFile; fileRef = 3C0675EF22E387C7008D7DD4 /* ColorPicker.swift */; };
		3C0675F522E387C8008D7DD4 /* ColorSquareView.xib in Resources */ = {isa = PBXBuildFile; fileRef = 3C0675F022E387C8008D7DD4 /* ColorSquareView.xib */; };
		3C0675F722E387C8008D7DD4 /* ColorSquareView.swift in Sources */ = {isa = PBXBuildFile; fileRef = 3C0675F222E387C8008D7DD4 /* ColorSquareView.swift */; };
		3C0675F822E387C8008D7DD4 /* PalleteView.swift in Sources */ = {isa = PBXBuildFile; fileRef = 3C0675F322E387C8008D7DD4 /* PalleteView.swift */; };
		3C28A96022E3703B00EC94CC /* NotesListCell.swift in Sources */ = {isa = PBXBuildFile; fileRef = 3C28A95E22E3703B00EC94CC /* NotesListCell.swift */; };
		3C28A96122E3703B00EC94CC /* NotesListCell.xib in Resources */ = {isa = PBXBuildFile; fileRef = 3C28A95F22E3703B00EC94CC /* NotesListCell.xib */; };
		3C40A60422E43C1E00D90264 /* FullImageController.swift in Sources */ = {isa = PBXBuildFile; fileRef = 3C40A60322E43C1E00D90264 /* FullImageController.swift */; };
		3C40A60722E43C8000D90264 /* GalleryCell.swift in Sources */ = {isa = PBXBuildFile; fileRef = 3C40A60522E43C8000D90264 /* GalleryCell.swift */; };
		3C40A60822E43C8000D90264 /* GalleryCell.xib in Resources */ = {isa = PBXBuildFile; fileRef = 3C40A60622E43C8000D90264 /* GalleryCell.xib */; };
		3C40A60A22E44E1100D90264 /* ColorPickerController.swift in Sources */ = {isa = PBXBuildFile; fileRef = 3C40A60922E44E1100D90264 /* ColorPickerController.swift */; };
		3C70EBA622C8ECBB00B32B8A /* AppDelegate.swift in Sources */ = {isa = PBXBuildFile; fileRef = 3C70EBA522C8ECBB00B32B8A /* AppDelegate.swift */; };
		3C70EBAB22C8ECBB00B32B8A /* Main.storyboard in Resources */ = {isa = PBXBuildFile; fileRef = 3C70EBA922C8ECBB00B32B8A /* Main.storyboard */; };
		3C70EBAD22C8ECBC00B32B8A /* Assets.xcassets in Resources */ = {isa = PBXBuildFile; fileRef = 3C70EBAC22C8ECBC00B32B8A /* Assets.xcassets */; };
		3C70EBB022C8ECBC00B32B8A /* LaunchScreen.storyboard in Resources */ = {isa = PBXBuildFile; fileRef = 3C70EBAE22C8ECBC00B32B8A /* LaunchScreen.storyboard */; };
		3C70EBBB22C8ECE900B32B8A /* Note.swift in Sources */ = {isa = PBXBuildFile; fileRef = 3C70EBB822C8ECE900B32B8A /* Note.swift */; };
		3C70EBBC22C8ECE900B32B8A /* FileNotebook.swift in Sources */ = {isa = PBXBuildFile; fileRef = 3C70EBB922C8ECE900B32B8A /* FileNotebook.swift */; };
		3C70EBBD22C8ECE900B32B8A /* NoteExtension.swift in Sources */ = {isa = PBXBuildFile; fileRef = 3C70EBBA22C8ECE900B32B8A /* NoteExtension.swift */; };
		3CF3A50A22E36D2200AB278A /* NotesListController.swift in Sources */ = {isa = PBXBuildFile; fileRef = 3CF3A50922E36D2200AB278A /* NotesListController.swift */; };
		3CF3A50C22E36D3500AB278A /* NoteDetailsController.swift in Sources */ = {isa = PBXBuildFile; fileRef = 3CF3A50B22E36D3500AB278A /* NoteDetailsController.swift */; };
		3CF3A50E22E36D4300AB278A /* GalleryController.swift in Sources */ = {isa = PBXBuildFile; fileRef = 3CF3A50D22E36D4300AB278A /* GalleryController.swift */; };
		3CF78C7C22D0F7A100BBFCF3 /* NotesTests.swift in Sources */ = {isa = PBXBuildFile; fileRef = 3CF78C7222D0F76000BBFCF3 /* NotesTests.swift */; };
		3CF78C8322D1050B00BBFCF3 /* UIColorExtensionTest.swift in Sources */ = {isa = PBXBuildFile; fileRef = 3CF78C8222D1050B00BBFCF3 /* UIColorExtensionTest.swift */; };
		3CF78C8522D10C0B00BBFCF3 /* FileNotebookTests.swift in Sources */ = {isa = PBXBuildFile; fileRef = 3CF78C8422D10C0B00BBFCF3 /* FileNotebookTests.swift */; };
		3CF78C8722D10C4A00BBFCF3 /* XCTestCaseExtension.swift in Sources */ = {isa = PBXBuildFile; fileRef = 3CF78C8622D10C4A00BBFCF3 /* XCTestCaseExtension.swift */; };
		E8BA811DAE7920B3A755C71A /* libPods-Notes.a in Frameworks */ = {isa = PBXBuildFile; fileRef = D555E7C09DE5F773E58C0DE1 /* libPods-Notes.a */; };
/* End PBXBuildFile section */

/* Begin PBXContainerItemProxy section */
		3CF78C7522D0F76000BBFCF3 /* PBXContainerItemProxy */ = {
			isa = PBXContainerItemProxy;
			containerPortal = 3C70EB9A22C8ECBB00B32B8A /* Project object */;
			proxyType = 1;
			remoteGlobalIDString = 3C70EBA122C8ECBB00B32B8A;
			remoteInfo = Notes;
		};
/* End PBXContainerItemProxy section */

/* Begin PBXFileReference section */
		18E660322870EFD899496E51 /* Pods-Notes.debug.xcconfig */ = {isa = PBXFileReference; includeInIndex = 1; lastKnownFileType = text.xcconfig; name = "Pods-Notes.debug.xcconfig"; path = "Target Support Files/Pods-Notes/Pods-Notes.debug.xcconfig"; sourceTree = "<group>"; };
		36205263851F3A8216706D4E /* Pods-Notes.release.xcconfig */ = {isa = PBXFileReference; includeInIndex = 1; lastKnownFileType = text.xcconfig; name = "Pods-Notes.release.xcconfig"; path = "Target Support Files/Pods-Notes/Pods-Notes.release.xcconfig"; sourceTree = "<group>"; };
		3C0675EF22E387C7008D7DD4 /* ColorPicker.swift */ = {isa = PBXFileReference; fileEncoding = 4; lastKnownFileType = sourcecode.swift; path = ColorPicker.swift; sourceTree = "<group>"; };
		3C0675F022E387C8008D7DD4 /* ColorSquareView.xib */ = {isa = PBXFileReference; fileEncoding = 4; lastKnownFileType = file.xib; path = ColorSquareView.xib; sourceTree = "<group>"; };
		3C0675F222E387C8008D7DD4 /* ColorSquareView.swift */ = {isa = PBXFileReference; fileEncoding = 4; lastKnownFileType = sourcecode.swift; path = ColorSquareView.swift; sourceTree = "<group>"; };
		3C0675F322E387C8008D7DD4 /* PalleteView.swift */ = {isa = PBXFileReference; fileEncoding = 4; lastKnownFileType = sourcecode.swift; path = PalleteView.swift; sourceTree = "<group>"; };
		3C28A95E22E3703B00EC94CC /* NotesListCell.swift */ = {isa = PBXFileReference; lastKnownFileType = sourcecode.swift; path = NotesListCell.swift; sourceTree = "<group>"; };
		3C28A95F22E3703B00EC94CC /* NotesListCell.xib */ = {isa = PBXFileReference; lastKnownFileType = file.xib; path = NotesListCell.xib; sourceTree = "<group>"; };
		3C40A60322E43C1E00D90264 /* FullImageController.swift */ = {isa = PBXFileReference; lastKnownFileType = sourcecode.swift; path = FullImageController.swift; sourceTree = "<group>"; };
		3C40A60522E43C8000D90264 /* GalleryCell.swift */ = {isa = PBXFileReference; lastKnownFileType = sourcecode.swift; path = GalleryCell.swift; sourceTree = "<group>"; };
		3C40A60622E43C8000D90264 /* GalleryCell.xib */ = {isa = PBXFileReference; lastKnownFileType = file.xib; path = GalleryCell.xib; sourceTree = "<group>"; };
		3C40A60922E44E1100D90264 /* ColorPickerController.swift */ = {isa = PBXFileReference; lastKnownFileType = sourcecode.swift; path = ColorPickerController.swift; sourceTree = "<group>"; };
		3C70EBA222C8ECBB00B32B8A /* Notes.app */ = {isa = PBXFileReference; explicitFileType = wrapper.application; includeInIndex = 0; path = Notes.app; sourceTree = BUILT_PRODUCTS_DIR; };
		3C70EBA522C8ECBB00B32B8A /* AppDelegate.swift */ = {isa = PBXFileReference; lastKnownFileType = sourcecode.swift; path = AppDelegate.swift; sourceTree = "<group>"; };
		3C70EBAA22C8ECBB00B32B8A /* Base */ = {isa = PBXFileReference; lastKnownFileType = file.storyboard; name = Base; path = Base.lproj/Main.storyboard; sourceTree = "<group>"; };
		3C70EBAC22C8ECBC00B32B8A /* Assets.xcassets */ = {isa = PBXFileReference; lastKnownFileType = folder.assetcatalog; path = Assets.xcassets; sourceTree = "<group>"; };
		3C70EBAF22C8ECBC00B32B8A /* Base */ = {isa = PBXFileReference; lastKnownFileType = file.storyboard; name = Base; path = Base.lproj/LaunchScreen.storyboard; sourceTree = "<group>"; };
		3C70EBB122C8ECBC00B32B8A /* Info.plist */ = {isa = PBXFileReference; lastKnownFileType = text.plist.xml; path = Info.plist; sourceTree = "<group>"; };
		3C70EBB822C8ECE900B32B8A /* Note.swift */ = {isa = PBXFileReference; fileEncoding = 4; lastKnownFileType = sourcecode.swift; path = Note.swift; sourceTree = "<group>"; };
		3C70EBB922C8ECE900B32B8A /* FileNotebook.swift */ = {isa = PBXFileReference; fileEncoding = 4; lastKnownFileType = sourcecode.swift; path = FileNotebook.swift; sourceTree = "<group>"; };
		3C70EBBA22C8ECE900B32B8A /* NoteExtension.swift */ = {isa = PBXFileReference; fileEncoding = 4; lastKnownFileType = sourcecode.swift; path = NoteExtension.swift; sourceTree = "<group>"; };
		3CF3A50922E36D2200AB278A /* NotesListController.swift */ = {isa = PBXFileReference; lastKnownFileType = sourcecode.swift; path = NotesListController.swift; sourceTree = "<group>"; };
		3CF3A50B22E36D3500AB278A /* NoteDetailsController.swift */ = {isa = PBXFileReference; lastKnownFileType = sourcecode.swift; path = NoteDetailsController.swift; sourceTree = "<group>"; };
		3CF3A50D22E36D4300AB278A /* GalleryController.swift */ = {isa = PBXFileReference; lastKnownFileType = sourcecode.swift; path = GalleryController.swift; sourceTree = "<group>"; };
		3CF78C7022D0F76000BBFCF3 /* NotesTests.xctest */ = {isa = PBXFileReference; explicitFileType = wrapper.cfbundle; includeInIndex = 0; path = NotesTests.xctest; sourceTree = BUILT_PRODUCTS_DIR; };
		3CF78C7222D0F76000BBFCF3 /* NotesTests.swift */ = {isa = PBXFileReference; lastKnownFileType = sourcecode.swift; path = NotesTests.swift; sourceTree = "<group>"; };
		3CF78C7422D0F76000BBFCF3 /* Info.plist */ = {isa = PBXFileReference; lastKnownFileType = text.plist.xml; path = Info.plist; sourceTree = "<group>"; };
		3CF78C8222D1050B00BBFCF3 /* UIColorExtensionTest.swift */ = {isa = PBXFileReference; lastKnownFileType = sourcecode.swift; path = UIColorExtensionTest.swift; sourceTree = "<group>"; };
		3CF78C8422D10C0B00BBFCF3 /* FileNotebookTests.swift */ = {isa = PBXFileReference; lastKnownFileType = sourcecode.swift; path = FileNotebookTests.swift; sourceTree = "<group>"; };
		3CF78C8622D10C4A00BBFCF3 /* XCTestCaseExtension.swift */ = {isa = PBXFileReference; lastKnownFileType = sourcecode.swift; path = XCTestCaseExtension.swift; sourceTree = "<group>"; };
		74E69B5BE4401AA0C1104E8A /* Pods-Notes.stage.xcconfig */ = {isa = PBXFileReference; includeInIndex = 1; lastKnownFileType = text.xcconfig; name = "Pods-Notes.stage.xcconfig"; path = "Target Support Files/Pods-Notes/Pods-Notes.stage.xcconfig"; sourceTree = "<group>"; };
		D555E7C09DE5F773E58C0DE1 /* libPods-Notes.a */ = {isa = PBXFileReference; explicitFileType = archive.ar; includeInIndex = 0; path = "libPods-Notes.a"; sourceTree = BUILT_PRODUCTS_DIR; };
/* End PBXFileReference section */

/* Begin PBXFrameworksBuildPhase section */
		3C70EB9F22C8ECBB00B32B8A /* Frameworks */ = {
			isa = PBXFrameworksBuildPhase;
			buildActionMask = 2147483647;
			files = (
				E8BA811DAE7920B3A755C71A /* libPods-Notes.a in Frameworks */,
			);
			runOnlyForDeploymentPostprocessing = 0;
		};
		3CF78C6D22D0F76000BBFCF3 /* Frameworks */ = {
			isa = PBXFrameworksBuildPhase;
			buildActionMask = 2147483647;
			files = (
			);
			runOnlyForDeploymentPostprocessing = 0;
		};
/* End PBXFrameworksBuildPhase section */

/* Begin PBXGroup section */
		3C70EB9922C8ECBB00B32B8A = {
			isa = PBXGroup;
			children = (
				3C70EBA422C8ECBB00B32B8A /* Notes */,
				3CF78C7122D0F76000BBFCF3 /* NotesTests */,
				3C70EBA322C8ECBB00B32B8A /* Products */,
				7D63727E8A7E55FD829393A5 /* Pods */,
				4A5BDF00C87473E0DFA5BFB6 /* Frameworks */,
			);
			sourceTree = "<group>";
		};
		3C70EBA322C8ECBB00B32B8A /* Products */ = {
			isa = PBXGroup;
			children = (
				3C70EBA222C8ECBB00B32B8A /* Notes.app */,
				3CF78C7022D0F76000BBFCF3 /* NotesTests.xctest */,
			);
			name = Products;
			sourceTree = "<group>";
		};
		3C70EBA422C8ECBB00B32B8A /* Notes */ = {
			isa = PBXGroup;
			children = (
				3C70EBB722C8ECD400B32B8A /* Model */,
				3C70EBA522C8ECBB00B32B8A /* AppDelegate.swift */,
				3C70EBA922C8ECBB00B32B8A /* Main.storyboard */,
				3C70EBAC22C8ECBC00B32B8A /* Assets.xcassets */,
				3C70EBAE22C8ECBC00B32B8A /* LaunchScreen.storyboard */,
				3C70EBB122C8ECBC00B32B8A /* Info.plist */,
				3CF3A50922E36D2200AB278A /* NotesListController.swift */,
				3CF3A50B22E36D3500AB278A /* NoteDetailsController.swift */,
				3CF3A50D22E36D4300AB278A /* GalleryController.swift */,
				3C28A95E22E3703B00EC94CC /* NotesListCell.swift */,
				3C28A95F22E3703B00EC94CC /* NotesListCell.xib */,
				3C0675EF22E387C7008D7DD4 /* ColorPicker.swift */,
				3C0675F222E387C8008D7DD4 /* ColorSquareView.swift */,
				3C0675F022E387C8008D7DD4 /* ColorSquareView.xib */,
				3C0675F322E387C8008D7DD4 /* PalleteView.swift */,
				3C40A60322E43C1E00D90264 /* FullImageController.swift */,
				3C40A60522E43C8000D90264 /* GalleryCell.swift */,
				3C40A60622E43C8000D90264 /* GalleryCell.xib */,
				3C40A60922E44E1100D90264 /* ColorPickerController.swift */,
			);
			path = Notes;
			sourceTree = "<group>";
		};
		3C70EBB722C8ECD400B32B8A /* Model */ = {
			isa = PBXGroup;
			children = (
				3C70EBB922C8ECE900B32B8A /* FileNotebook.swift */,
				3C70EBB822C8ECE900B32B8A /* Note.swift */,
				3C70EBBA22C8ECE900B32B8A /* NoteExtension.swift */,
			);
			path = Model;
			sourceTree = "<group>";
		};
		3CF78C7122D0F76000BBFCF3 /* NotesTests */ = {
			isa = PBXGroup;
			children = (
				3CF78C7222D0F76000BBFCF3 /* NotesTests.swift */,
				3CF78C7422D0F76000BBFCF3 /* Info.plist */,
				3CF78C8222D1050B00BBFCF3 /* UIColorExtensionTest.swift */,
				3CF78C8422D10C0B00BBFCF3 /* FileNotebookTests.swift */,
				3CF78C8622D10C4A00BBFCF3 /* XCTestCaseExtension.swift */,
			);
			path = NotesTests;
			sourceTree = "<group>";
		};
		4A5BDF00C87473E0DFA5BFB6 /* Frameworks */ = {
			isa = PBXGroup;
			children = (
				D555E7C09DE5F773E58C0DE1 /* libPods-Notes.a */,
			);
			name = Frameworks;
			sourceTree = "<group>";
		};
		7D63727E8A7E55FD829393A5 /* Pods */ = {
			isa = PBXGroup;
			children = (
				18E660322870EFD899496E51 /* Pods-Notes.debug.xcconfig */,
				74E69B5BE4401AA0C1104E8A /* Pods-Notes.stage.xcconfig */,
				36205263851F3A8216706D4E /* Pods-Notes.release.xcconfig */,
			);
			path = Pods;
			sourceTree = "<group>";
		};
/* End PBXGroup section */

/* Begin PBXNativeTarget section */
		3C70EBA122C8ECBB00B32B8A /* Notes */ = {
			isa = PBXNativeTarget;
			buildConfigurationList = 3C70EBB422C8ECBC00B32B8A /* Build configuration list for PBXNativeTarget "Notes" */;
			buildPhases = (
				6B163A80C786318C3841CF1F /* [CP] Check Pods Manifest.lock */,
				3C70EB9E22C8ECBB00B32B8A /* Sources */,
				3C70EB9F22C8ECBB00B32B8A /* Frameworks */,
				3C70EBA022C8ECBB00B32B8A /* Resources */,
			);
			buildRules = (
			);
			dependencies = (
			);
			name = Notes;
			productName = Notes;
			productReference = 3C70EBA222C8ECBB00B32B8A /* Notes.app */;
			productType = "com.apple.product-type.application";
		};
		3CF78C6F22D0F76000BBFCF3 /* NotesTests */ = {
			isa = PBXNativeTarget;
			buildConfigurationList = 3CF78C7722D0F76000BBFCF3 /* Build configuration list for PBXNativeTarget "NotesTests" */;
			buildPhases = (
				3CF78C6C22D0F76000BBFCF3 /* Sources */,
				3CF78C6D22D0F76000BBFCF3 /* Frameworks */,
				3CF78C6E22D0F76000BBFCF3 /* Resources */,
			);
			buildRules = (
			);
			dependencies = (
				3CF78C7622D0F76000BBFCF3 /* PBXTargetDependency */,
			);
			name = NotesTests;
			productName = NotesTests;
			productReference = 3CF78C7022D0F76000BBFCF3 /* NotesTests.xctest */;
			productType = "com.apple.product-type.bundle.unit-test";
		};
/* End PBXNativeTarget section */

/* Begin PBXProject section */
		3C70EB9A22C8ECBB00B32B8A /* Project object */ = {
			isa = PBXProject;
			attributes = {
				LastSwiftUpdateCheck = 1020;
				LastUpgradeCheck = 1020;
				ORGANIZATIONNAME = DanilovDev;
				TargetAttributes = {
					3C70EBA122C8ECBB00B32B8A = {
						CreatedOnToolsVersion = 10.2.1;
					};
					3CF78C6F22D0F76000BBFCF3 = {
						CreatedOnToolsVersion = 10.2.1;
						TestTargetID = 3C70EBA122C8ECBB00B32B8A;
					};
				};
			};
			buildConfigurationList = 3C70EB9D22C8ECBB00B32B8A /* Build configuration list for PBXProject "Notes" */;
			compatibilityVersion = "Xcode 9.3";
			developmentRegion = en;
			hasScannedForEncodings = 0;
			knownRegions = (
				en,
				Base,
			);
			mainGroup = 3C70EB9922C8ECBB00B32B8A;
			productRefGroup = 3C70EBA322C8ECBB00B32B8A /* Products */;
			projectDirPath = "";
			projectRoot = "";
			targets = (
				3C70EBA122C8ECBB00B32B8A /* Notes */,
				3CF78C6F22D0F76000BBFCF3 /* NotesTests */,
			);
		};
/* End PBXProject section */

/* Begin PBXResourcesBuildPhase section */
		3C70EBA022C8ECBB00B32B8A /* Resources */ = {
			isa = PBXResourcesBuildPhase;
			buildActionMask = 2147483647;
			files = (
				3C70EBB022C8ECBC00B32B8A /* LaunchScreen.storyboard in Resources */,
				3C70EBAD22C8ECBC00B32B8A /* Assets.xcassets in Resources */,
				3C70EBAB22C8ECBB00B32B8A /* Main.storyboard in Resources */,
				3C28A96122E3703B00EC94CC /* NotesListCell.xib in Resources */,
				3C0675F522E387C8008D7DD4 /* ColorSquareView.xib in Resources */,
				3C40A60822E43C8000D90264 /* GalleryCell.xib in Resources */,
			);
			runOnlyForDeploymentPostprocessing = 0;
		};
		3CF78C6E22D0F76000BBFCF3 /* Resources */ = {
			isa = PBXResourcesBuildPhase;
			buildActionMask = 2147483647;
			files = (
			);
			runOnlyForDeploymentPostprocessing = 0;
		};
/* End PBXResourcesBuildPhase section */

/* Begin PBXShellScriptBuildPhase section */
		6B163A80C786318C3841CF1F /* [CP] Check Pods Manifest.lock */ = {
			isa = PBXShellScriptBuildPhase;
			buildActionMask = 2147483647;
			files = (
			);
			inputFileListPaths = (
			);
			inputPaths = (
				"${PODS_PODFILE_DIR_PATH}/Podfile.lock",
				"${PODS_ROOT}/Manifest.lock",
			);
			name = "[CP] Check Pods Manifest.lock";
			outputFileListPaths = (
			);
			outputPaths = (
				"$(DERIVED_FILE_DIR)/Pods-Notes-checkManifestLockResult.txt",
			);
			runOnlyForDeploymentPostprocessing = 0;
			shellPath = /bin/sh;
			shellScript = "diff \"${PODS_PODFILE_DIR_PATH}/Podfile.lock\" \"${PODS_ROOT}/Manifest.lock\" > /dev/null\nif [ $? != 0 ] ; then\n    # print error to STDERR\n    echo \"error: The sandbox is not in sync with the Podfile.lock. Run 'pod install' or update your CocoaPods installation.\" >&2\n    exit 1\nfi\n# This output is used by Xcode 'outputs' to avoid re-running this script phase.\necho \"SUCCESS\" > \"${SCRIPT_OUTPUT_FILE_0}\"\n";
			showEnvVarsInLog = 0;
		};
/* End PBXShellScriptBuildPhase section */

/* Begin PBXSourcesBuildPhase section */
		3C70EB9E22C8ECBB00B32B8A /* Sources */ = {
			isa = PBXSourcesBuildPhase;
			buildActionMask = 2147483647;
			files = (
				3C70EBBD22C8ECE900B32B8A /* NoteExtension.swift in Sources */,
				3C40A60A22E44E1100D90264 /* ColorPickerController.swift in Sources */,
				3CF3A50A22E36D2200AB278A /* NotesListController.swift in Sources */,
				3C70EBA622C8ECBB00B32B8A /* AppDelegate.swift in Sources */,
				3C40A60722E43C8000D90264 /* GalleryCell.swift in Sources */,
				3C28A96022E3703B00EC94CC /* NotesListCell.swift in Sources */,
				3C70EBBC22C8ECE900B32B8A /* FileNotebook.swift in Sources */,
				3C0675F422E387C8008D7DD4 /* ColorPicker.swift in Sources */,
				3C40A60422E43C1E00D90264 /* FullImageController.swift in Sources */,
				3CF3A50C22E36D3500AB278A /* NoteDetailsController.swift in Sources */,
				3C0675F722E387C8008D7DD4 /* ColorSquareView.swift in Sources */,
				3CF3A50E22E36D4300AB278A /* GalleryController.swift in Sources */,
				3C70EBBB22C8ECE900B32B8A /* Note.swift in Sources */,
				3C0675F822E387C8008D7DD4 /* PalleteView.swift in Sources */,
			);
			runOnlyForDeploymentPostprocessing = 0;
		};
		3CF78C6C22D0F76000BBFCF3 /* Sources */ = {
			isa = PBXSourcesBuildPhase;
			buildActionMask = 2147483647;
			files = (
				3CF78C8722D10C4A00BBFCF3 /* XCTestCaseExtension.swift in Sources */,
				3CF78C8522D10C0B00BBFCF3 /* FileNotebookTests.swift in Sources */,
				3CF78C7C22D0F7A100BBFCF3 /* NotesTests.swift in Sources */,
				3CF78C8322D1050B00BBFCF3 /* UIColorExtensionTest.swift in Sources */,
			);
			runOnlyForDeploymentPostprocessing = 0;
		};
/* End PBXSourcesBuildPhase section */

/* Begin PBXTargetDependency section */
		3CF78C7622D0F76000BBFCF3 /* PBXTargetDependency */ = {
			isa = PBXTargetDependency;
			target = 3C70EBA122C8ECBB00B32B8A /* Notes */;
			targetProxy = 3CF78C7522D0F76000BBFCF3 /* PBXContainerItemProxy */;
		};
/* End PBXTargetDependency section */

/* Begin PBXVariantGroup section */
		3C70EBA922C8ECBB00B32B8A /* Main.storyboard */ = {
			isa = PBXVariantGroup;
			children = (
				3C70EBAA22C8ECBB00B32B8A /* Base */,
			);
			name = Main.storyboard;
			sourceTree = "<group>";
		};
		3C70EBAE22C8ECBC00B32B8A /* LaunchScreen.storyboard */ = {
			isa = PBXVariantGroup;
			children = (
				3C70EBAF22C8ECBC00B32B8A /* Base */,
			);
			name = LaunchScreen.storyboard;
			sourceTree = "<group>";
		};
/* End PBXVariantGroup section */

/* Begin XCBuildConfiguration section */
		3C3FDDCF22D0C631009D37C4 /* Stage */ = {
			isa = XCBuildConfiguration;
			buildSettings = {
				ALWAYS_SEARCH_USER_PATHS = NO;
				CLANG_ANALYZER_NONNULL = YES;
				CLANG_ANALYZER_NUMBER_OBJECT_CONVERSION = YES_AGGRESSIVE;
				CLANG_CXX_LANGUAGE_STANDARD = "gnu++14";
				CLANG_CXX_LIBRARY = "libc++";
				CLANG_ENABLE_MODULES = YES;
				CLANG_ENABLE_OBJC_ARC = YES;
				CLANG_ENABLE_OBJC_WEAK = YES;
				CLANG_WARN_BLOCK_CAPTURE_AUTORELEASING = YES;
				CLANG_WARN_BOOL_CONVERSION = YES;
				CLANG_WARN_COMMA = YES;
				CLANG_WARN_CONSTANT_CONVERSION = YES;
				CLANG_WARN_DEPRECATED_OBJC_IMPLEMENTATIONS = YES;
				CLANG_WARN_DIRECT_OBJC_ISA_USAGE = YES_ERROR;
				CLANG_WARN_DOCUMENTATION_COMMENTS = YES;
				CLANG_WARN_EMPTY_BODY = YES;
				CLANG_WARN_ENUM_CONVERSION = YES;
				CLANG_WARN_INFINITE_RECURSION = YES;
				CLANG_WARN_INT_CONVERSION = YES;
				CLANG_WARN_NON_LITERAL_NULL_CONVERSION = YES;
				CLANG_WARN_OBJC_IMPLICIT_RETAIN_SELF = YES;
				CLANG_WARN_OBJC_LITERAL_CONVERSION = YES;
				CLANG_WARN_OBJC_ROOT_CLASS = YES_ERROR;
				CLANG_WARN_RANGE_LOOP_ANALYSIS = YES;
				CLANG_WARN_STRICT_PROTOTYPES = YES;
				CLANG_WARN_SUSPICIOUS_MOVE = YES;
				CLANG_WARN_UNGUARDED_AVAILABILITY = YES_AGGRESSIVE;
				CLANG_WARN_UNREACHABLE_CODE = YES;
				CLANG_WARN__DUPLICATE_METHOD_MATCH = YES;
				CODE_SIGN_IDENTITY = "iPhone Developer";
				COPY_PHASE_STRIP = NO;
				DEBUG_INFORMATION_FORMAT = dwarf;
				ENABLE_NS_ASSERTIONS = NO;
				ENABLE_STRICT_OBJC_MSGSEND = YES;
				ENABLE_TESTABILITY = YES;
				GCC_C_LANGUAGE_STANDARD = gnu11;
				GCC_DYNAMIC_NO_PIC = NO;
				GCC_NO_COMMON_BLOCKS = YES;
				GCC_OPTIMIZATION_LEVEL = s;
				GCC_PREPROCESSOR_DEFINITIONS = (
					"STAGE=1",
					"$(inherited)",
				);
				GCC_WARN_64_TO_32_BIT_CONVERSION = YES;
				GCC_WARN_ABOUT_RETURN_TYPE = YES_ERROR;
				GCC_WARN_UNDECLARED_SELECTOR = YES;
				GCC_WARN_UNINITIALIZED_AUTOS = YES_AGGRESSIVE;
				GCC_WARN_UNUSED_FUNCTION = YES;
				GCC_WARN_UNUSED_VARIABLE = YES;
				IPHONEOS_DEPLOYMENT_TARGET = 11.0;
				MTL_ENABLE_DEBUG_INFO = INCLUDE_SOURCE;
				MTL_FAST_MATH = YES;
				ONLY_ACTIVE_ARCH = YES;
				SDKROOT = iphoneos;
				SWIFT_ACTIVE_COMPILATION_CONDITIONS = DEBUG;
				SWIFT_OPTIMIZATION_LEVEL = "-O";
			};
			name = Stage;
		};
		3C3FDDD022D0C631009D37C4 /* Stage */ = {
			isa = XCBuildConfiguration;
			baseConfigurationReference = 74E69B5BE4401AA0C1104E8A /* Pods-Notes.stage.xcconfig */;
			buildSettings = {
				ASSETCATALOG_COMPILER_APPICON_NAME = AppIconStage;
				CODE_SIGN_STYLE = Automatic;
				DEVELOPMENT_TEAM = G9F5S24X43;
				INFOPLIST_FILE = Notes/Info.plist;
				LD_RUNPATH_SEARCH_PATHS = (
					"$(inherited)",
					"@executable_path/Frameworks",
				);
				PRODUCT_BUNDLE_IDENTIFIER = com.danilovdev.Notes;
				PRODUCT_NAME = "$(TARGET_NAME) Stage";
				SWIFT_VERSION = 5.0;
				TARGETED_DEVICE_FAMILY = "1,2";
			};
			name = Stage;
		};
		3C3FDDD122D0C716009D37C4 /* Release */ = {
			isa = XCBuildConfiguration;
			buildSettings = {
				ALWAYS_SEARCH_USER_PATHS = NO;
				CLANG_ANALYZER_NONNULL = YES;
				CLANG_ANALYZER_NUMBER_OBJECT_CONVERSION = YES_AGGRESSIVE;
				CLANG_CXX_LANGUAGE_STANDARD = "gnu++14";
				CLANG_CXX_LIBRARY = "libc++";
				CLANG_ENABLE_MODULES = YES;
				CLANG_ENABLE_OBJC_ARC = YES;
				CLANG_ENABLE_OBJC_WEAK = YES;
				CLANG_WARN_BLOCK_CAPTURE_AUTORELEASING = YES;
				CLANG_WARN_BOOL_CONVERSION = YES;
				CLANG_WARN_COMMA = YES;
				CLANG_WARN_CONSTANT_CONVERSION = YES;
				CLANG_WARN_DEPRECATED_OBJC_IMPLEMENTATIONS = YES;
				CLANG_WARN_DIRECT_OBJC_ISA_USAGE = YES_ERROR;
				CLANG_WARN_DOCUMENTATION_COMMENTS = YES;
				CLANG_WARN_EMPTY_BODY = YES;
				CLANG_WARN_ENUM_CONVERSION = YES;
				CLANG_WARN_INFINITE_RECURSION = YES;
				CLANG_WARN_INT_CONVERSION = YES;
				CLANG_WARN_NON_LITERAL_NULL_CONVERSION = YES;
				CLANG_WARN_OBJC_IMPLICIT_RETAIN_SELF = YES;
				CLANG_WARN_OBJC_LITERAL_CONVERSION = YES;
				CLANG_WARN_OBJC_ROOT_CLASS = YES_ERROR;
				CLANG_WARN_RANGE_LOOP_ANALYSIS = YES;
				CLANG_WARN_STRICT_PROTOTYPES = YES;
				CLANG_WARN_SUSPICIOUS_MOVE = YES;
				CLANG_WARN_UNGUARDED_AVAILABILITY = YES_AGGRESSIVE;
				CLANG_WARN_UNREACHABLE_CODE = YES;
				CLANG_WARN__DUPLICATE_METHOD_MATCH = YES;
				CODE_SIGN_IDENTITY = "iPhone Developer";
				COPY_PHASE_STRIP = NO;
				DEBUG_INFORMATION_FORMAT = dwarf;
				ENABLE_NS_ASSERTIONS = NO;
				ENABLE_STRICT_OBJC_MSGSEND = YES;
				ENABLE_TESTABILITY = YES;
				GCC_C_LANGUAGE_STANDARD = gnu11;
				GCC_DYNAMIC_NO_PIC = NO;
				GCC_NO_COMMON_BLOCKS = YES;
				GCC_OPTIMIZATION_LEVEL = s;
				GCC_PREPROCESSOR_DEFINITIONS = "";
				GCC_WARN_64_TO_32_BIT_CONVERSION = YES;
				GCC_WARN_ABOUT_RETURN_TYPE = YES_ERROR;
				GCC_WARN_UNDECLARED_SELECTOR = YES;
				GCC_WARN_UNINITIALIZED_AUTOS = YES_AGGRESSIVE;
				GCC_WARN_UNUSED_FUNCTION = YES;
				GCC_WARN_UNUSED_VARIABLE = YES;
				IPHONEOS_DEPLOYMENT_TARGET = 11.0;
				MTL_ENABLE_DEBUG_INFO = INCLUDE_SOURCE;
				MTL_FAST_MATH = YES;
				ONLY_ACTIVE_ARCH = YES;
				SDKROOT = iphoneos;
				SWIFT_ACTIVE_COMPILATION_CONDITIONS = DEBUG;
				SWIFT_OPTIMIZATION_LEVEL = "-O";
			};
			name = Release;
		};
		3C3FDDD222D0C716009D37C4 /* Release */ = {
			isa = XCBuildConfiguration;
			baseConfigurationReference = 36205263851F3A8216706D4E /* Pods-Notes.release.xcconfig */;
			buildSettings = {
				ASSETCATALOG_COMPILER_APPICON_NAME = AppIcon;
				CODE_SIGN_STYLE = Automatic;
				DEVELOPMENT_TEAM = G9F5S24X43;
				INFOPLIST_FILE = Notes/Info.plist;
				LD_RUNPATH_SEARCH_PATHS = (
					"$(inherited)",
					"@executable_path/Frameworks",
				);
				PRODUCT_BUNDLE_IDENTIFIER = com.danilovdev.Notes;
				PRODUCT_NAME = "$(TARGET_NAME)";
				SWIFT_VERSION = 5.0;
				TARGETED_DEVICE_FAMILY = "1,2";
			};
			name = Release;
		};
		3C70EBB222C8ECBC00B32B8A /* Debug */ = {
			isa = XCBuildConfiguration;
			buildSettings = {
				ALWAYS_SEARCH_USER_PATHS = NO;
				CLANG_ANALYZER_NONNULL = YES;
				CLANG_ANALYZER_NUMBER_OBJECT_CONVERSION = YES_AGGRESSIVE;
				CLANG_CXX_LANGUAGE_STANDARD = "gnu++14";
				CLANG_CXX_LIBRARY = "libc++";
				CLANG_ENABLE_MODULES = YES;
				CLANG_ENABLE_OBJC_ARC = YES;
				CLANG_ENABLE_OBJC_WEAK = YES;
				CLANG_WARN_BLOCK_CAPTURE_AUTORELEASING = YES;
				CLANG_WARN_BOOL_CONVERSION = YES;
				CLANG_WARN_COMMA = YES;
				CLANG_WARN_CONSTANT_CONVERSION = YES;
				CLANG_WARN_DEPRECATED_OBJC_IMPLEMENTATIONS = YES;
				CLANG_WARN_DIRECT_OBJC_ISA_USAGE = YES_ERROR;
				CLANG_WARN_DOCUMENTATION_COMMENTS = YES;
				CLANG_WARN_EMPTY_BODY = YES;
				CLANG_WARN_ENUM_CONVERSION = YES;
				CLANG_WARN_INFINITE_RECURSION = YES;
				CLANG_WARN_INT_CONVERSION = YES;
				CLANG_WARN_NON_LITERAL_NULL_CONVERSION = YES;
				CLANG_WARN_OBJC_IMPLICIT_RETAIN_SELF = YES;
				CLANG_WARN_OBJC_LITERAL_CONVERSION = YES;
				CLANG_WARN_OBJC_ROOT_CLASS = YES_ERROR;
				CLANG_WARN_RANGE_LOOP_ANALYSIS = YES;
				CLANG_WARN_STRICT_PROTOTYPES = YES;
				CLANG_WARN_SUSPICIOUS_MOVE = YES;
				CLANG_WARN_UNGUARDED_AVAILABILITY = YES_AGGRESSIVE;
				CLANG_WARN_UNREACHABLE_CODE = YES;
				CLANG_WARN__DUPLICATE_METHOD_MATCH = YES;
				CODE_SIGN_IDENTITY = "iPhone Developer";
				COPY_PHASE_STRIP = NO;
				DEBUG_INFORMATION_FORMAT = dwarf;
				ENABLE_STRICT_OBJC_MSGSEND = YES;
				ENABLE_TESTABILITY = YES;
				GCC_C_LANGUAGE_STANDARD = gnu11;
				GCC_DYNAMIC_NO_PIC = NO;
				GCC_NO_COMMON_BLOCKS = YES;
				GCC_OPTIMIZATION_LEVEL = 0;
				GCC_PREPROCESSOR_DEFINITIONS = (
					"DEBUG=1",
					"$(inherited)",
				);
				GCC_WARN_64_TO_32_BIT_CONVERSION = YES;
				GCC_WARN_ABOUT_RETURN_TYPE = YES_ERROR;
				GCC_WARN_UNDECLARED_SELECTOR = YES;
				GCC_WARN_UNINITIALIZED_AUTOS = YES_AGGRESSIVE;
				GCC_WARN_UNUSED_FUNCTION = YES;
				GCC_WARN_UNUSED_VARIABLE = YES;
				IPHONEOS_DEPLOYMENT_TARGET = 11.0;
				MTL_ENABLE_DEBUG_INFO = INCLUDE_SOURCE;
				MTL_FAST_MATH = YES;
				ONLY_ACTIVE_ARCH = YES;
				SDKROOT = iphoneos;
				SWIFT_ACTIVE_COMPILATION_CONDITIONS = DEBUG;
				SWIFT_OPTIMIZATION_LEVEL = "-Onone";
			};
			name = Debug;
		};
		3C70EBB522C8ECBC00B32B8A /* Debug */ = {
			isa = XCBuildConfiguration;
			baseConfigurationReference = 18E660322870EFD899496E51 /* Pods-Notes.debug.xcconfig */;
			buildSettings = {
				ASSETCATALOG_COMPILER_APPICON_NAME = AppIcon;
				CODE_SIGN_STYLE = Automatic;
				DEVELOPMENT_TEAM = G9F5S24X43;
				INFOPLIST_FILE = Notes/Info.plist;
				LD_RUNPATH_SEARCH_PATHS = (
					"$(inherited)",
					"@executable_path/Frameworks",
				);
				PRODUCT_BUNDLE_IDENTIFIER = com.danilovdev.Notes;
				PRODUCT_NAME = "$(TARGET_NAME)";
				SWIFT_VERSION = 5.0;
				TARGETED_DEVICE_FAMILY = "1,2";
			};
			name = Debug;
		};
		3CF78C7822D0F76000BBFCF3 /* Debug */ = {
			isa = XCBuildConfiguration;
			buildSettings = {
				BUNDLE_LOADER = "$(TEST_HOST)";
				CODE_SIGN_STYLE = Automatic;
				DEVELOPMENT_TEAM = G9F5S24X43;
				INFOPLIST_FILE = NotesTests/Info.plist;
				LD_RUNPATH_SEARCH_PATHS = (
					"$(inherited)",
					"@executable_path/Frameworks",
					"@loader_path/Frameworks",
				);
				PRODUCT_BUNDLE_IDENTIFIER = com.danilovdev.NotesTests;
				PRODUCT_NAME = "$(TARGET_NAME)";
				SWIFT_VERSION = 5.0;
				TARGETED_DEVICE_FAMILY = "1,2";
				TEST_HOST = "$(BUILT_PRODUCTS_DIR)/Notes.app/Notes";
			};
			name = Debug;
		};
		3CF78C7922D0F76000BBFCF3 /* Stage */ = {
			isa = XCBuildConfiguration;
			buildSettings = {
				BUNDLE_LOADER = "$(TEST_HOST)";
				CODE_SIGN_STYLE = Automatic;
				DEBUG_INFORMATION_FORMAT = "dwarf-with-dsym";
				DEVELOPMENT_TEAM = G9F5S24X43;
				INFOPLIST_FILE = NotesTests/Info.plist;
				LD_RUNPATH_SEARCH_PATHS = (
					"$(inherited)",
					"@executable_path/Frameworks",
					"@loader_path/Frameworks",
				);
				MTL_ENABLE_DEBUG_INFO = NO;
				PRODUCT_BUNDLE_IDENTIFIER = com.danilovdev.NotesTests;
				PRODUCT_NAME = "$(TARGET_NAME)";
				SWIFT_COMPILATION_MODE = wholemodule;
				SWIFT_VERSION = 5.0;
				TARGETED_DEVICE_FAMILY = "1,2";
				TEST_HOST = "$(BUILT_PRODUCTS_DIR)/Notes.app/Notes";
				VALIDATE_PRODUCT = YES;
			};
			name = Stage;
		};
		3CF78C7A22D0F76000BBFCF3 /* Release */ = {
			isa = XCBuildConfiguration;
			buildSettings = {
				BUNDLE_LOADER = "$(TEST_HOST)";
				CODE_SIGN_STYLE = Automatic;
				DEBUG_INFORMATION_FORMAT = "dwarf-with-dsym";
				DEVELOPMENT_TEAM = G9F5S24X43;
				INFOPLIST_FILE = NotesTests/Info.plist;
				LD_RUNPATH_SEARCH_PATHS = (
					"$(inherited)",
					"@executable_path/Frameworks",
					"@loader_path/Frameworks",
				);
				MTL_ENABLE_DEBUG_INFO = NO;
				PRODUCT_BUNDLE_IDENTIFIER = com.danilovdev.NotesTests;
				PRODUCT_NAME = "$(TARGET_NAME)";
				SWIFT_COMPILATION_MODE = wholemodule;
				SWIFT_VERSION = 5.0;
				TARGETED_DEVICE_FAMILY = "1,2";
				TEST_HOST = "$(BUILT_PRODUCTS_DIR)/Notes.app/Notes";
				VALIDATE_PRODUCT = YES;
			};
			name = Release;
		};
/* End XCBuildConfiguration section */

/* Begin XCConfigurationList section */
		3C70EB9D22C8ECBB00B32B8A /* Build configuration list for PBXProject "Notes" */ = {
			isa = XCConfigurationList;
			buildConfigurations = (
				3C70EBB222C8ECBC00B32B8A /* Debug */,
				3C3FDDCF22D0C631009D37C4 /* Stage */,
				3C3FDDD122D0C716009D37C4 /* Release */,
			);
			defaultConfigurationIsVisible = 0;
			defaultConfigurationName = Debug;
		};
		3C70EBB422C8ECBC00B32B8A /* Build configuration list for PBXNativeTarget "Notes" */ = {
			isa = XCConfigurationList;
			buildConfigurations = (
				3C70EBB522C8ECBC00B32B8A /* Debug */,
				3C3FDDD022D0C631009D37C4 /* Stage */,
				3C3FDDD222D0C716009D37C4 /* Release */,
			);
			defaultConfigurationIsVisible = 0;
			defaultConfigurationName = Debug;
		};
		3CF78C7722D0F76000BBFCF3 /* Build configuration list for PBXNativeTarget "NotesTests" */ = {
			isa = XCConfigurationList;
			buildConfigurations = (
				3CF78C7822D0F76000BBFCF3 /* Debug */,
				3CF78C7922D0F76000BBFCF3 /* Stage */,
				3CF78C7A22D0F76000BBFCF3 /* Release */,
			);
			defaultConfigurationIsVisible = 0;
			defaultConfigurationName = Debug;
		};
/* End XCConfigurationList section */
	};
	rootObject = 3C70EB9A22C8ECBB00B32B8A /* Project object */;
}
